
Microsoft Visual Studio Solution File, Format Version 12.00
# Visual Studio Version 17
VisualStudioVersion = 17.5.002.0
MinimumVisualStudioVersion = 10.0.40219.1
Project("{9A19103F-16F7-4668-BE54-9A1E7A4F7556}") = "music_api", "music_api.csproj", "{0173222A-440F-4F31-A39D-D80A9E86DFC3}"
EndProject
Global
	GlobalSection(SolutionConfigurationPlatforms) = preSolution
		Debug|Any CPU = Debug|Any CPU
		Release|Any CPU = Release|Any CPU
	EndGlobalSection
	GlobalSection(ProjectConfigurationPlatforms) = postSolution
		{0173222A-440F-4F31-A39D-D80A9E86DFC3}.Debug|Any CPU.ActiveCfg = Debug|Any CPU
		{0173222A-440F-4F31-A39D-D80A9E86DFC3}.Debug|Any CPU.Build.0 = Debug|Any CPU
		{0173222A-440F-4F31-A39D-D80A9E86DFC3}.Release|Any CPU.ActiveCfg = Release|Any CPU
		{0173222A-440F-4F31-A39D-D80A9E86DFC3}.Release|Any CPU.Build.0 = Release|Any CPU
	EndGlobalSection
	GlobalSection(SolutionProperties) = preSolution
		HideSolutionNode = FALSE
	EndGlobalSection
	GlobalSection(ExtensibilityGlobals) = postSolution
		SolutionGuid = {19F42517-B9AD-4890-8B63-C14981E5FA5C}
	EndGlobalSection
EndGlobal
